// !$*UTF8*$!
{
	archiveVersion = 1;
	classes = {
	};
	objectVersion = 48;
	objects = {

/* Begin PBXBuildFile section */
		2FE9793AD72F68B6A81205025B9094EC /* UIDevice+KKDevice.m in Sources */ = {isa = PBXBuildFile; fileRef = 80A45746FF06F52368A1F21625078A91 /* UIDevice+KKDevice.m */; };
		69B6E70AADD08A8230B80D8539A4A2BD /* UIDevice+KKDevice.h in Headers */ = {isa = PBXBuildFile; fileRef = A4EF9A09F96FDA5D14F195486755C595 /* UIDevice+KKDevice.h */; settings = {ATTRIBUTES = (Public, ); }; };
		90563FBBE0E4F8B907C87F7CFB5A7075 /* KKUIDeviceTests.m in Sources */ = {isa = PBXBuildFile; fileRef = 67D81E5DD9502A6A2204F5029388BA89 /* KKUIDeviceTests.m */; };
		BDA4B88C635ACA2FC9B7DA648EE89DF5 /* KKUIDevice.h in Headers */ = {isa = PBXBuildFile; fileRef = F37789DC45E26EF2B8F334CBD139A2BE /* KKUIDevice.h */; settings = {ATTRIBUTES = (Public, ); }; };
		D3E2D5D83269D1C9236CE976FABDE766 /* KKUIDevice.framework in Frameworks */ = {isa = PBXBuildFile; fileRef = 47A7194EA061954CC62D4240478EF2C2 /* KKUIDevice.framework */; };
/* End PBXBuildFile section */

/* Begin PBXContainerItemProxy section */
		E8FAF46CCE8D1328C8A8C66050BBB764 /* PBXContainerItemProxy */ = {
			isa = PBXContainerItemProxy;
			containerPortal = D02B1367404AC81B0B0A67D051A3FE22 /* Project object */;
			proxyType = 1;
			remoteGlobalIDString = AF99DE69225E4C93124A309DCFDA4845;
			remoteInfo = KKUIDevice;
		};
/* End PBXContainerItemProxy section */

/* Begin PBXFileReference section */
		007A13F4E364DD94D06C9AA98151EB0C /* KKUIDeviceTests.xctest */ = {isa = PBXFileReference; explicitFileType = wrapper.cfbundle; includeInIndex = 0; path = KKUIDeviceTests.xctest; sourceTree = BUILT_PRODUCTS_DIR; };
		11159B4E578FD130D91BAE23CB409919 /* README.md */ = {isa = PBXFileReference; lastKnownFileType = net.daringfireball.markdown; path = README.md; sourceTree = "<group>"; };
		19A55EF9591C7B5049887E9F31C6BB71 /* KKUIDevice.podspec */ = {isa = PBXFileReference; fileEncoding = 4; lastKnownFileType = text; path = KKUIDevice.podspec; sourceTree = "<group>"; };
		47A7194EA061954CC62D4240478EF2C2 /* KKUIDevice.framework */ = {isa = PBXFileReference; explicitFileType = wrapper.framework; includeInIndex = 0; path = KKUIDevice.framework; sourceTree = BUILT_PRODUCTS_DIR; };
		4EA0D02B9197B0ECA32FA37C204C7C39 /* Info.plist */ = {isa = PBXFileReference; lastKnownFileType = text.plist.xml; path = Info.plist; sourceTree = "<group>"; };
		67D81E5DD9502A6A2204F5029388BA89 /* KKUIDeviceTests.m */ = {isa = PBXFileReference; lastKnownFileType = sourcecode.c.objc; path = KKUIDeviceTests.m; sourceTree = "<group>"; };
		80A45746FF06F52368A1F21625078A91 /* UIDevice+KKDevice.m */ = {isa = PBXFileReference; lastKnownFileType = sourcecode.c.objc; path = "UIDevice+KKDevice.m"; sourceTree = "<group>"; };
		A4EF9A09F96FDA5D14F195486755C595 /* UIDevice+KKDevice.h */ = {isa = PBXFileReference; lastKnownFileType = sourcecode.c.h; path = "UIDevice+KKDevice.h"; sourceTree = "<group>"; };
		E3B396E0D08CF16D6DF214DE198DCBDC /* Info.plist */ = {isa = PBXFileReference; lastKnownFileType = text.plist.xml; path = Info.plist; sourceTree = "<group>"; };
		F37789DC45E26EF2B8F334CBD139A2BE /* KKUIDevice.h */ = {isa = PBXFileReference; lastKnownFileType = sourcecode.c.h; path = KKUIDevice.h; sourceTree = "<group>"; };
/* End PBXFileReference section */

/* Begin PBXFrameworksBuildPhase section */
		C3AEBDAF0962174BD6128938E6053BCC /* Frameworks */ = {
			isa = PBXFrameworksBuildPhase;
			buildActionMask = 2147483647;
			files = (
			);
			runOnlyForDeploymentPostprocessing = 0;
		};
		CBAA8AE3EEB8D0382ABD072B5E9F929D /* Frameworks */ = {
			isa = PBXFrameworksBuildPhase;
			buildActionMask = 2147483647;
			files = (
				D3E2D5D83269D1C9236CE976FABDE766 /* KKUIDevice.framework in Frameworks */,
			);
			runOnlyForDeploymentPostprocessing = 0;
		};
/* End PBXFrameworksBuildPhase section */

/* Begin PBXGroup section */
		81A27EF142D89B7C612DB403E2EB36FE = {
			isa = PBXGroup;
			children = (
				2EF9F8330E93E6050B4704E6E89DEDDF /* KKUIDevice */,
				4E9104C7693E5307AD7BC90945B1E753 /* KKUIDeviceTests */,
				D10B1AE072805F7DCFA751574F41A2F5 /* Products */,
				19A55EF9591C7B5049887E9F31C6BB71 /* KKUIDevice.podspec */,
				11159B4E578FD130D91BAE23CB409919 /* README.md */,
			);
			sourceTree = "<group>";
		};
		D10B1AE072805F7DCFA751574F41A2F5 /* Products */ = {
			isa = PBXGroup;
			children = (
				47A7194EA061954CC62D4240478EF2C2 /* KKUIDevice.framework */,
				007A13F4E364DD94D06C9AA98151EB0C /* KKUIDeviceTests.xctest */,
			);
			name = Products;
			sourceTree = "<group>";
		};
		2EF9F8330E93E6050B4704E6E89DEDDF /* KKUIDevice */ = {
			isa = PBXGroup;
			children = (
				4EA0D02B9197B0ECA32FA37C204C7C39 /* Info.plist */,
				F37789DC45E26EF2B8F334CBD139A2BE /* KKUIDevice.h */,
				A4EF9A09F96FDA5D14F195486755C595 /* UIDevice+KKDevice.h */,
				80A45746FF06F52368A1F21625078A91 /* UIDevice+KKDevice.m */,
			);
			path = KKUIDevice;
			sourceTree = "<group>";
		};
		4E9104C7693E5307AD7BC90945B1E753 /* KKUIDeviceTests */ = {
			isa = PBXGroup;
			children = (
				E3B396E0D08CF16D6DF214DE198DCBDC /* Info.plist */,
				67D81E5DD9502A6A2204F5029388BA89 /* KKUIDeviceTests.m */,
			);
			path = KKUIDeviceTests;
			sourceTree = "<group>";
		};
/* End PBXGroup section */

/* Begin PBXHeadersBuildPhase section */
		DB07A7FC5187F61FBDCC161B7EE8DA3B /* Headers */ = {
			isa = PBXHeadersBuildPhase;
			buildActionMask = 2147483647;
			files = (
				BDA4B88C635ACA2FC9B7DA648EE89DF5 /* KKUIDevice.h in Headers */,
				69B6E70AADD08A8230B80D8539A4A2BD /* UIDevice+KKDevice.h in Headers */,
			);
			runOnlyForDeploymentPostprocessing = 0;
		};
/* End PBXHeadersBuildPhase section */

/* Begin PBXNativeTarget section */
		AF99DE69225E4C93124A309DCFDA4845 /* KKUIDevice */ = {
			isa = PBXNativeTarget;
			buildConfigurationList = A345A6FD5F0F23F6C5B3DD36599C4973 /* Build configuration list for PBXNativeTarget "KKUIDevice" */;
			buildPhases = (
				59A9F0BD2B54D32DC9B328C60E54DCE3 /* Sources */,
				C3AEBDAF0962174BD6128938E6053BCC /* Frameworks */,
				DB07A7FC5187F61FBDCC161B7EE8DA3B /* Headers */,
				CB483F071CD4BD5A54409308EA7CF7D3 /* Resources */,
			);
			buildRules = (
			);
			dependencies = (
			);
			name = KKUIDevice;
			productName = KKUIDevice;
			productReference = 47A7194EA061954CC62D4240478EF2C2 /* KKUIDevice.framework */;
			productType = "com.apple.product-type.framework";
		};
		9D5008B74ED40A146EF13C4EC41277D1 /* KKUIDeviceTests */ = {
			isa = PBXNativeTarget;
			buildConfigurationList = E93B5BE2CEF76F9EB898E83058A7A70E /* Build configuration list for PBXNativeTarget "KKUIDeviceTests" */;
			buildPhases = (
				611298726E28CF6532D34F6C050CEB27 /* Sources */,
				CBAA8AE3EEB8D0382ABD072B5E9F929D /* Frameworks */,
				EDF361DC0C9235FDD77E6879E2B52C2A /* Resources */,
			);
			buildRules = (
			);
			dependencies = (
				CAD43FBE3F84F8F58421966F72E12143 /* PBXTargetDependency */,
			);
			name = KKUIDeviceTests;
			productName = KKUIDeviceTests;
			productReference = 007A13F4E364DD94D06C9AA98151EB0C /* KKUIDeviceTests.xctest */;
			productType = "com.apple.product-type.bundle.unit-test";
		};
/* End PBXNativeTarget section */

/* Begin PBXProject section */
		D02B1367404AC81B0B0A67D051A3FE22 /* Project object */ = {
			isa = PBXProject;
			attributes = {
				LastUpgradeCheck = 0900;
				ORGANIZATIONNAME = "Crazy凡";
				TargetAttributes = {
					AF99DE69225E4C93124A309DCFDA4845 = {
						CreatedOnToolsVersion = 9.0.1;
						ProvisioningStyle = Automatic;
					};
					9D5008B74ED40A146EF13C4EC41277D1 = {
						CreatedOnToolsVersion = 9.3;
						ProvisioningStyle = Automatic;
					};
				};
			};
			buildConfigurationList = DAFB9E7ED8A39D5044045ACB1B7A08E7 /* Build configuration list for PBXProject "KKUIDevice" */;
			compatibilityVersion = "Xcode 8.0";
			developmentRegion = en;
			hasScannedForEncodings = 0;
			knownRegions = (
				en,
			);
			mainGroup = 81A27EF142D89B7C612DB403E2EB36FE;
			productRefGroup = D10B1AE072805F7DCFA751574F41A2F5 /* Products */;
			projectDirPath = "";
			projectRoot = "";
			targets = (
				AF99DE69225E4C93124A309DCFDA4845 /* KKUIDevice */,
				9D5008B74ED40A146EF13C4EC41277D1 /* KKUIDeviceTests */,
			);
		};
/* End PBXProject section */

/* Begin PBXResourcesBuildPhase section */
		CB483F071CD4BD5A54409308EA7CF7D3 /* Resources */ = {
			isa = PBXResourcesBuildPhase;
			buildActionMask = 2147483647;
			files = (
			);
			runOnlyForDeploymentPostprocessing = 0;
		};
		EDF361DC0C9235FDD77E6879E2B52C2A /* Resources */ = {
			isa = PBXResourcesBuildPhase;
			buildActionMask = 2147483647;
			files = (
			);
			runOnlyForDeploymentPostprocessing = 0;
		};
/* End PBXResourcesBuildPhase section */

/* Begin PBXSourcesBuildPhase section */
		59A9F0BD2B54D32DC9B328C60E54DCE3 /* Sources */ = {
			isa = PBXSourcesBuildPhase;
			buildActionMask = 2147483647;
			files = (
				2FE9793AD72F68B6A81205025B9094EC /* UIDevice+KKDevice.m in Sources */,
			);
			runOnlyForDeploymentPostprocessing = 0;
		};
		611298726E28CF6532D34F6C050CEB27 /* Sources */ = {
			isa = PBXSourcesBuildPhase;
			buildActionMask = 2147483647;
			files = (
				90563FBBE0E4F8B907C87F7CFB5A7075 /* KKUIDeviceTests.m in Sources */,
			);
			runOnlyForDeploymentPostprocessing = 0;
		};
/* End PBXSourcesBuildPhase section */

/* Begin PBXTargetDependency section */
		CAD43FBE3F84F8F58421966F72E12143 /* PBXTargetDependency */ = {
			isa = PBXTargetDependency;
			target = AF99DE69225E4C93124A309DCFDA4845 /* KKUIDevice */;
			targetProxy = E8FAF46CCE8D1328C8A8C66050BBB764 /* PBXContainerItemProxy */;
		};
/* End PBXTargetDependency section */

/* Begin XCBuildConfiguration section */
		3F224A899FD3D14B3E55643193F83E94 /* Debug */ = {
			isa = XCBuildConfiguration;
			buildSettings = {
				ALWAYS_SEARCH_USER_PATHS = NO;
				CLANG_ANALYZER_NONNULL = YES;
				CLANG_ANALYZER_NUMBER_OBJECT_CONVERSION = YES_AGGRESSIVE;
				CLANG_CXX_LANGUAGE_STANDARD = "gnu++14";
				CLANG_CXX_LIBRARY = "libc++";
				CLANG_ENABLE_MODULES = YES;
				CLANG_ENABLE_OBJC_ARC = YES;
				CLANG_WARN_BLOCK_CAPTURE_AUTORELEASING = YES;
				CLANG_WARN_BOOL_CONVERSION = YES;
				CLANG_WARN_COMMA = YES;
				CLANG_WARN_CONSTANT_CONVERSION = YES;
				CLANG_WARN_DIRECT_OBJC_ISA_USAGE = YES_ERROR;
				CLANG_WARN_DOCUMENTATION_COMMENTS = YES;
				CLANG_WARN_EMPTY_BODY = YES;
				CLANG_WARN_ENUM_CONVERSION = YES;
				CLANG_WARN_INFINITE_RECURSION = YES;
				CLANG_WARN_INT_CONVERSION = YES;
				CLANG_WARN_NON_LITERAL_NULL_CONVERSION = YES;
				CLANG_WARN_OBJC_LITERAL_CONVERSION = YES;
				CLANG_WARN_OBJC_ROOT_CLASS = YES_ERROR;
				CLANG_WARN_RANGE_LOOP_ANALYSIS = YES;
				CLANG_WARN_STRICT_PROTOTYPES = YES;
				CLANG_WARN_SUSPICIOUS_MOVE = YES;
				CLANG_WARN_UNGUARDED_AVAILABILITY = YES_AGGRESSIVE;
				CLANG_WARN_UNREACHABLE_CODE = YES;
				CLANG_WARN__DUPLICATE_METHOD_MATCH = YES;
				CODE_SIGN_IDENTITY = "iPhone Developer";
				COPY_PHASE_STRIP = NO;
				CURRENT_PROJECT_VERSION = 1;
				DEBUG_INFORMATION_FORMAT = dwarf;
				ENABLE_STRICT_OBJC_MSGSEND = YES;
				ENABLE_TESTABILITY = YES;
				GCC_C_LANGUAGE_STANDARD = gnu11;
				GCC_DYNAMIC_NO_PIC = NO;
				GCC_NO_COMMON_BLOCKS = YES;
				GCC_OPTIMIZATION_LEVEL = 0;
				GCC_PREPROCESSOR_DEFINITIONS = (
					"DEBUG=1",
					"$(inherited)",
				);
				GCC_WARN_64_TO_32_BIT_CONVERSION = YES;
				GCC_WARN_ABOUT_RETURN_TYPE = YES_ERROR;
				GCC_WARN_UNDECLARED_SELECTOR = YES;
				GCC_WARN_UNINITIALIZED_AUTOS = YES_AGGRESSIVE;
				GCC_WARN_UNUSED_FUNCTION = YES;
				GCC_WARN_UNUSED_VARIABLE = YES;
				IPHONEOS_DEPLOYMENT_TARGET = 8.0;
				MTL_ENABLE_DEBUG_INFO = YES;
				ONLY_ACTIVE_ARCH = YES;
				SDKROOT = iphoneos;
				VERSIONING_SYSTEM = "apple-generic";
				VERSION_INFO_PREFIX = "";
			};
			name = Debug;
		};
		5658B4029C05EF011A9E50CFDFDA1796 /* Release */ = {
			isa = XCBuildConfiguration;
			buildSettings = {
				ALWAYS_SEARCH_USER_PATHS = NO;
				CLANG_ANALYZER_NONNULL = YES;
				CLANG_ANALYZER_NUMBER_OBJECT_CONVERSION = YES_AGGRESSIVE;
				CLANG_CXX_LANGUAGE_STANDARD = "gnu++14";
				CLANG_CXX_LIBRARY = "libc++";
				CLANG_ENABLE_MODULES = YES;
				CLANG_ENABLE_OBJC_ARC = YES;
				CLANG_WARN_BLOCK_CAPTURE_AUTORELEASING = YES;
				CLANG_WARN_BOOL_CONVERSION = YES;
				CLANG_WARN_COMMA = YES;
				CLANG_WARN_CONSTANT_CONVERSION = YES;
				CLANG_WARN_DIRECT_OBJC_ISA_USAGE = YES_ERROR;
				CLANG_WARN_DOCUMENTATION_COMMENTS = YES;
				CLANG_WARN_EMPTY_BODY = YES;
				CLANG_WARN_ENUM_CONVERSION = YES;
				CLANG_WARN_INFINITE_RECURSION = YES;
				CLANG_WARN_INT_CONVERSION = YES;
				CLANG_WARN_NON_LITERAL_NULL_CONVERSION = YES;
				CLANG_WARN_OBJC_LITERAL_CONVERSION = YES;
				CLANG_WARN_OBJC_ROOT_CLASS = YES_ERROR;
				CLANG_WARN_RANGE_LOOP_ANALYSIS = YES;
				CLANG_WARN_STRICT_PROTOTYPES = YES;
				CLANG_WARN_SUSPICIOUS_MOVE = YES;
				CLANG_WARN_UNGUARDED_AVAILABILITY = YES_AGGRESSIVE;
				CLANG_WARN_UNREACHABLE_CODE = YES;
				CLANG_WARN__DUPLICATE_METHOD_MATCH = YES;
				CODE_SIGN_IDENTITY = "iPhone Developer";
				COPY_PHASE_STRIP = NO;
				CURRENT_PROJECT_VERSION = 1;
				DEBUG_INFORMATION_FORMAT = "dwarf-with-dsym";
				ENABLE_NS_ASSERTIONS = NO;
				ENABLE_STRICT_OBJC_MSGSEND = YES;
				GCC_C_LANGUAGE_STANDARD = gnu11;
				GCC_NO_COMMON_BLOCKS = YES;
				GCC_WARN_64_TO_32_BIT_CONVERSION = YES;
				GCC_WARN_ABOUT_RETURN_TYPE = YES_ERROR;
				GCC_WARN_UNDECLARED_SELECTOR = YES;
				GCC_WARN_UNINITIALIZED_AUTOS = YES_AGGRESSIVE;
				GCC_WARN_UNUSED_FUNCTION = YES;
				GCC_WARN_UNUSED_VARIABLE = YES;
				IPHONEOS_DEPLOYMENT_TARGET = 8.0;
				MTL_ENABLE_DEBUG_INFO = NO;
				SDKROOT = iphoneos;
				VALIDATE_PRODUCT = YES;
				VERSIONING_SYSTEM = "apple-generic";
				VERSION_INFO_PREFIX = "";
			};
			name = Release;
		};
		9A14922171F8233C79CC043881FFE80A /* Debug */ = {
			isa = XCBuildConfiguration;
			buildSettings = {
				CODE_SIGN_IDENTITY = "";
				CODE_SIGN_STYLE = Automatic;
				DEFINES_MODULE = YES;
				DEVELOPMENT_TEAM = FAH45WPA2T;
				DYLIB_COMPATIBILITY_VERSION = 1;
				DYLIB_CURRENT_VERSION = 1;
				DYLIB_INSTALL_NAME_BASE = "@rpath";
				INFOPLIST_FILE = KKUIDevice/Info.plist;
				INSTALL_PATH = "$(LOCAL_LIBRARY_DIR)/Frameworks";
				IPHONEOS_DEPLOYMENT_TARGET = 8.0;
				LD_RUNPATH_SEARCH_PATHS = "$(inherited) @executable_path/Frameworks @loader_path/Frameworks";
				MACH_O_TYPE = staticlib;
				OTHER_CFLAGS = "-fembed-bitcode";
				OTHER_LDFLAGS = "";
				PRODUCT_BUNDLE_IDENTIFIER = com.crazyfan.KKUIDevice;
				PRODUCT_NAME = "$(TARGET_NAME:c99extidentifier)";
				SKIP_INSTALL = YES;
				TARGETED_DEVICE_FAMILY = "1,2";
			};
			name = Debug;
		};
		E091DC4449A813E141A5C54C702AB051 /* Release */ = {
			isa = XCBuildConfiguration;
			buildSettings = {
				CODE_SIGN_IDENTITY = "";
				CODE_SIGN_STYLE = Automatic;
				DEFINES_MODULE = YES;
				DEVELOPMENT_TEAM = FAH45WPA2T;
				DYLIB_COMPATIBILITY_VERSION = 1;
				DYLIB_CURRENT_VERSION = 1;
				DYLIB_INSTALL_NAME_BASE = "@rpath";
				INFOPLIST_FILE = KKUIDevice/Info.plist;
				INSTALL_PATH = "$(LOCAL_LIBRARY_DIR)/Frameworks";
				IPHONEOS_DEPLOYMENT_TARGET = 8.0;
				LD_RUNPATH_SEARCH_PATHS = "$(inherited) @executable_path/Frameworks @loader_path/Frameworks";
				MACH_O_TYPE = staticlib;
				OTHER_CFLAGS = "-fembed-bitcode";
				OTHER_LDFLAGS = "";
				PRODUCT_BUNDLE_IDENTIFIER = com.crazyfan.KKUIDevice;
				PRODUCT_NAME = "$(TARGET_NAME:c99extidentifier)";
				SKIP_INSTALL = YES;
				TARGETED_DEVICE_FAMILY = "1,2";
			};
			name = Release;
		};
		B9A05FBCEFAC2FF0BB23B546E8BD013C /* Debug */ = {
			isa = XCBuildConfiguration;
			buildSettings = {
				CLANG_ENABLE_OBJC_WEAK = YES;
				CLANG_WARN_DEPRECATED_OBJC_IMPLEMENTATIONS = YES;
				CLANG_WARN_OBJC_IMPLICIT_RETAIN_SELF = YES;
				CODE_SIGN_STYLE = Automatic;
				DEVELOPMENT_TEAM = HV88ACAAR6;
				INFOPLIST_FILE = KKUIDeviceTests/Info.plist;
				IPHONEOS_DEPLOYMENT_TARGET = 11.3;
				LD_RUNPATH_SEARCH_PATHS = "$(inherited) @executable_path/Frameworks @loader_path/Frameworks";
				OTHER_LDFLAGS = "-ObjC";
				PRODUCT_BUNDLE_IDENTIFIER = com.crazyfan.com.KKUIDeviceTests;
				PRODUCT_NAME = "$(TARGET_NAME)";
				TARGETED_DEVICE_FAMILY = "1,2";
			};
			name = Debug;
		};
		2C4AEBF0FDB3FFB09729741B3A5EEBAC /* Release */ = {
			isa = XCBuildConfiguration;
			buildSettings = {
				CLANG_ENABLE_OBJC_WEAK = YES;
				CLANG_WARN_DEPRECATED_OBJC_IMPLEMENTATIONS = YES;
				CLANG_WARN_OBJC_IMPLICIT_RETAIN_SELF = YES;
				CODE_SIGN_STYLE = Automatic;
				DEVELOPMENT_TEAM = HV88ACAAR6;
				INFOPLIST_FILE = KKUIDeviceTests/Info.plist;
				IPHONEOS_DEPLOYMENT_TARGET = 11.3;
				LD_RUNPATH_SEARCH_PATHS = "$(inherited) @executable_path/Frameworks @loader_path/Frameworks";
				OTHER_LDFLAGS = "-ObjC";
				PRODUCT_BUNDLE_IDENTIFIER = com.crazyfan.com.KKUIDeviceTests;
				PRODUCT_NAME = "$(TARGET_NAME)";
				TARGETED_DEVICE_FAMILY = "1,2";
			};
			name = Release;
		};
/* End XCBuildConfiguration section */

/* Begin XCConfigurationList section */
		DAFB9E7ED8A39D5044045ACB1B7A08E7 /* Build configuration list for PBXProject "KKUIDevice" */ = {
			isa = XCConfigurationList;
			buildConfigurations = (
				3F224A899FD3D14B3E55643193F83E94 /* Debug */,
				5658B4029C05EF011A9E50CFDFDA1796 /* Release */,
			);
			defaultConfigurationIsVisible = 0;
			defaultConfigurationName = Release;
		};
		A345A6FD5F0F23F6C5B3DD36599C4973 /* Build configuration list for PBXNativeTarget "KKUIDevice" */ = {
			isa = XCConfigurationList;
			buildConfigurations = (
				9A14922171F8233C79CC043881FFE80A /* Debug */,
				E091DC4449A813E141A5C54C702AB051 /* Release */,
			);
			defaultConfigurationIsVisible = 0;
			defaultConfigurationName = Release;
		};
		E93B5BE2CEF76F9EB898E83058A7A70E /* Build configuration list for PBXNativeTarget "KKUIDeviceTests" */ = {
			isa = XCConfigurationList;
			buildConfigurations = (
				B9A05FBCEFAC2FF0BB23B546E8BD013C /* Debug */,
				2C4AEBF0FDB3FFB09729741B3A5EEBAC /* Release */,
			);
			defaultConfigurationIsVisible = 0;
			defaultConfigurationName = Release;
		};
/* End XCConfigurationList section */
	};
	rootObject = D02B1367404AC81B0B0A67D051A3FE22 /* Project object */;
}
