// !$*UTF8*$!
{
	archiveVersion = 1;
	classes = {
	};
	objectVersion = 48;
	objects = {

/* Begin PBXBuildFile section */
		0035221D04F94A29C82650367D3A536A /* ViewController.swift in Sources */ = {isa = PBXBuildFile; fileRef = 14CDEED84A8D1DF009660E2D4368C36A /* ViewController.swift */; };
		070D6BB2C35F402156F5EBE6A53A2A01 /* Assets.xcassets in Resources */ = {isa = PBXBuildFile; fileRef = 402FB71D34B4EAEF0DD7C3D02B3D7A92 /* Assets.xcassets */; };
		3419BA6D0D49D3EFB1F3AA269FF20C35 /* AppDelegate.swift in Sources */ = {isa = PBXBuildFile; fileRef = 99066928357D035FF270317DAD82FFDA /* AppDelegate.swift */; };
		BBBA2E2AC5A63DEDFC4D29C5FF3ADF54 /* Pods_KKUIDeviceDemo.framework in Frameworks */ = {isa = PBXBuildFile; fileRef = 8E207C51D91DB22ABA727082D29DFE34 /* Pods_KKUIDeviceDemo.framework */; };
		FA0DED19C7FC103F79E7829636D5912F /* LaunchScreen.storyboard in Resources */ = {isa = PBXBuildFile; fileRef = 4CB3149546A1FE1486D172B6B906EC8E /* LaunchScreen.storyboard */; };
/* End PBXBuildFile section */

/* Begin PBXFileReference section */
		11159B4E578FD130D91BAE23CB409919 /* README.md */ = {isa = PBXFileReference; lastKnownFileType = net.daringfireball.markdown; path = README.md; sourceTree = "<group>"; };
		14CDEED84A8D1DF009660E2D4368C36A /* ViewController.swift */ = {isa = PBXFileReference; lastKnownFileType = sourcecode.swift; path = ViewController.swift; sourceTree = "<group>"; };
		19A55EF9591C7B5049887E9F31C6BB71 /* KKUIDevice.podspec */ = {isa = PBXFileReference; fileEncoding = 4; lastKnownFileType = text; path = KKUIDevice.podspec; sourceTree = "<group>"; xcLanguageSpecificationIdentifier = xcode.lang.ruby; };
		20557B284B4F5B7C9DEA7E9886D7B6B8 /* Pods-KKUIDevice-swiftDemo.release.xcconfig */ = {isa = PBXFileReference; includeInIndex = 1; lastKnownFileType = text.xcconfig; name = "Pods-KKUIDevice-swiftDemo.release.xcconfig"; path = "Pods/Target Support Files/Pods-KKUIDevice-swiftDemo/Pods-KKUIDevice-swiftDemo.release.xcconfig"; sourceTree = "<group>"; };
		2EFD4ED365D557A8FA98C1E0A0366950 /* Pods_KKUIDevice_swiftDemo.framework */ = {isa = PBXFileReference; explicitFileType = wrapper.framework; includeInIndex = 0; path = Pods_KKUIDevice_swiftDemo.framework; sourceTree = BUILT_PRODUCTS_DIR; };
		3CEB806CE661FBB6FCCC7CE867ADEE46 /* KKUIDeviceDemo.app */ = {isa = PBXFileReference; explicitFileType = wrapper.application; includeInIndex = 0; path = KKUIDeviceDemo.app; sourceTree = BUILT_PRODUCTS_DIR; };
		402FB71D34B4EAEF0DD7C3D02B3D7A92 /* Assets.xcassets */ = {isa = PBXFileReference; lastKnownFileType = folder.assetcatalog; path = Assets.xcassets; sourceTree = "<group>"; };
		684F17656222DC30ADA5E4451D23D168 /* Pods-KKUIDeviceDemo.release.xcconfig */ = {isa = PBXFileReference; includeInIndex = 1; lastKnownFileType = text.xcconfig; name = "Pods-KKUIDeviceDemo.release.xcconfig"; path = "Pods/Target Support Files/Pods-KKUIDeviceDemo/Pods-KKUIDeviceDemo.release.xcconfig"; sourceTree = "<group>"; };
		68AA62C9C9FB3FAFF96EC039FC25AE8B /* DeviceMap.plist */ = {isa = PBXFileReference; lastKnownFileType = text.plist.xml; path = DeviceMap.plist; sourceTree = "<group>"; };
		8E207C51D91DB22ABA727082D29DFE34 /* Pods_KKUIDeviceDemo.framework */ = {isa = PBXFileReference; explicitFileType = wrapper.framework; includeInIndex = 0; path = Pods_KKUIDeviceDemo.framework; sourceTree = BUILT_PRODUCTS_DIR; };
		99066928357D035FF270317DAD82FFDA /* AppDelegate.swift */ = {isa = PBXFileReference; lastKnownFileType = sourcecode.swift; path = AppDelegate.swift; sourceTree = "<group>"; };
		9C935C9DC45F7B6AF60E65EB3E1AF361 /* Pods-KKUIDevice-swiftDemo.debug.xcconfig */ = {isa = PBXFileReference; includeInIndex = 1; lastKnownFileType = text.xcconfig; name = "Pods-KKUIDevice-swiftDemo.debug.xcconfig"; path = "Pods/Target Support Files/Pods-KKUIDevice-swiftDemo/Pods-KKUIDevice-swiftDemo.debug.xcconfig"; sourceTree = "<group>"; };
		C0526CB6D53128EE0ECB8FD868168F1B /* Pods-KKUIDeviceDemo.debug.xcconfig */ = {isa = PBXFileReference; includeInIndex = 1; lastKnownFileType = text.xcconfig; name = "Pods-KKUIDeviceDemo.debug.xcconfig"; path = "Pods/Target Support Files/Pods-KKUIDeviceDemo/Pods-KKUIDeviceDemo.debug.xcconfig"; sourceTree = "<group>"; };
		F93ADADD1072E8183F848CDAA14E25DB /* Base */ = {isa = PBXFileReference; lastKnownFileType = file.storyboard; name = Base; path = Base.lproj/LaunchScreen.storyboard; sourceTree = "<group>"; };
		FB42D4FEF2A5FFDCAE4E23297D8DC961 /* Info.plist */ = {isa = PBXFileReference; lastKnownFileType = text.plist.xml; path = Info.plist; sourceTree = "<group>"; };
/* End PBXFileReference section */

/* Begin PBXFrameworksBuildPhase section */
		8E8F548F24A4ED763A345ECB5FA038AC /* Frameworks */ = {
			isa = PBXFrameworksBuildPhase;
			buildActionMask = 2147483647;
			files = (
				BBBA2E2AC5A63DEDFC4D29C5FF3ADF54 /* Pods_KKUIDeviceDemo.framework in Frameworks */,
			);
			runOnlyForDeploymentPostprocessing = 0;
		};
/* End PBXFrameworksBuildPhase section */

/* Begin PBXGroup section */
		2D1AA621E9F72320291E8136D3BC4758 /* Resources */ = {
			isa = PBXGroup;
			children = (
				68AA62C9C9FB3FAFF96EC039FC25AE8B /* DeviceMap.plist */,
			);
			path = Resources;
			sourceTree = "<group>";
		};
		4221C094FF83CA998FDF495246B63711 /* KKUIDeviceDemo */ = {
			isa = PBXGroup;
			children = (
				99066928357D035FF270317DAD82FFDA /* AppDelegate.swift */,
				402FB71D34B4EAEF0DD7C3D02B3D7A92 /* Assets.xcassets */,
				FB42D4FEF2A5FFDCAE4E23297D8DC961 /* Info.plist */,
				4CB3149546A1FE1486D172B6B906EC8E /* LaunchScreen.storyboard */,
				14CDEED84A8D1DF009660E2D4368C36A /* ViewController.swift */,
			);
			path = KKUIDeviceDemo;
			sourceTree = "<group>";
		};
		51CDE13B5E3491C47B23B43C1F9E993C /* Frameworks */ = {
			isa = PBXGroup;
			children = (
				8E207C51D91DB22ABA727082D29DFE34 /* Pods_KKUIDeviceDemo.framework */,
				2EFD4ED365D557A8FA98C1E0A0366950 /* Pods_KKUIDevice_swiftDemo.framework */,
			);
			name = Frameworks;
			sourceTree = "<group>";
		};
		81A27EF142D89B7C612DB403E2EB36FE = {
			isa = PBXGroup;
			children = (
				51CDE13B5E3491C47B23B43C1F9E993C /* Frameworks */,
				4221C094FF83CA998FDF495246B63711 /* KKUIDeviceDemo */,
				E3014808D1697952AED69F56826CE1CB /* Pods */,
				D10B1AE072805F7DCFA751574F41A2F5 /* Products */,
				2D1AA621E9F72320291E8136D3BC4758 /* Resources */,
				19A55EF9591C7B5049887E9F31C6BB71 /* KKUIDevice.podspec */,
				11159B4E578FD130D91BAE23CB409919 /* README.md */,
			);
			sourceTree = "<group>";
		};
		D10B1AE072805F7DCFA751574F41A2F5 /* Products */ = {
			isa = PBXGroup;
			children = (
				3CEB806CE661FBB6FCCC7CE867ADEE46 /* KKUIDeviceDemo.app */,
			);
			name = Products;
			sourceTree = "<group>";
		};
		E3014808D1697952AED69F56826CE1CB /* Pods */ = {
			isa = PBXGroup;
			children = (
				9C935C9DC45F7B6AF60E65EB3E1AF361 /* Pods-KKUIDevice-swiftDemo.debug.xcconfig */,
				20557B284B4F5B7C9DEA7E9886D7B6B8 /* Pods-KKUIDevice-swiftDemo.release.xcconfig */,
				C0526CB6D53128EE0ECB8FD868168F1B /* Pods-KKUIDeviceDemo.debug.xcconfig */,
				684F17656222DC30ADA5E4451D23D168 /* Pods-KKUIDeviceDemo.release.xcconfig */,
			);
			name = Pods;
			sourceTree = "<group>";
		};
/* End PBXGroup section */

/* Begin PBXNativeTarget section */
		17533B7B50E18658D4A17321A5655B8A /* KKUIDeviceDemo */ = {
			isa = PBXNativeTarget;
			buildConfigurationList = 4C075FE8ABCB825D2720AB29B49D1E5E /* Build configuration list for PBXNativeTarget "KKUIDeviceDemo" */;
			buildPhases = (
				93961A8FE6A8640504C14756D28D5D6A /* [CP] Check Pods Manifest.lock */,
				E60DF1F87412AFFEB4DC5BC83C0B4D36 /* Sources */,
				8E8F548F24A4ED763A345ECB5FA038AC /* Frameworks */,
				F890DD5618D884B80728E586D0687B4A /* Resources */,
				3087B030BD80ADC4BC1397B091EEFE57 /* [CP] Embed Pods Frameworks */,
			);
			buildRules = (
			);
			dependencies = (
			);
			name = KKUIDeviceDemo;
			productName = KKUIDeviceDemo;
			productReference = 3CEB806CE661FBB6FCCC7CE867ADEE46 /* KKUIDeviceDemo.app */;
			productType = "com.apple.product-type.application";
		};
/* End PBXNativeTarget section */

/* Begin PBXProject section */
		D02B1367404AC81B0B0A67D051A3FE22 /* Project object */ = {
			isa = PBXProject;
			attributes = {
				LastSwiftUpdateCheck = 1030;
				LastUpgradeCheck = 1100;
				ORGANIZATIONNAME = "Crazy凡";
				TargetAttributes = {
					17533B7B50E18658D4A17321A5655B8A = {
						CreatedOnToolsVersion = 10.3;
						ProvisioningStyle = Automatic;
					};
				};
			};
			buildConfigurationList = DAFB9E7ED8A39D5044045ACB1B7A08E7 /* Build configuration list for PBXProject "KKUIDevice" */;
			compatibilityVersion = "Xcode 8.0";
			developmentRegion = en;
			hasScannedForEncodings = 0;
			knownRegions = (
				en,
				Base,
			);
			mainGroup = 81A27EF142D89B7C612DB403E2EB36FE;
			productRefGroup = D10B1AE072805F7DCFA751574F41A2F5 /* Products */;
			projectDirPath = "";
			projectRoot = "";
			targets = (
				17533B7B50E18658D4A17321A5655B8A /* KKUIDeviceDemo */,
			);
		};
/* End PBXProject section */

/* Begin PBXResourcesBuildPhase section */
		F890DD5618D884B80728E586D0687B4A /* Resources */ = {
			isa = PBXResourcesBuildPhase;
			buildActionMask = 2147483647;
			files = (
				070D6BB2C35F402156F5EBE6A53A2A01 /* Assets.xcassets in Resources */,
				FA0DED19C7FC103F79E7829636D5912F /* LaunchScreen.storyboard in Resources */,
			);
			runOnlyForDeploymentPostprocessing = 0;
		};
/* End PBXResourcesBuildPhase section */

/* Begin PBXShellScriptBuildPhase section */
		3087B030BD80ADC4BC1397B091EEFE57 /* [CP] Embed Pods Frameworks */ = {
			isa = PBXShellScriptBuildPhase;
			buildActionMask = 2147483647;
			files = (
			);
			inputPaths = (
				"${PODS_ROOT}/Target Support Files/Pods-KKUIDeviceDemo/Pods-KKUIDeviceDemo-frameworks.sh",
				"${BUILT_PRODUCTS_DIR}/KKUIDevice/KKUIDevice.framework",
			);
			name = "[CP] Embed Pods Frameworks";
			outputPaths = (
				"${TARGET_BUILD_DIR}/${FRAMEWORKS_FOLDER_PATH}/KKUIDevice.framework",
			);
			runOnlyForDeploymentPostprocessing = 0;
			shellPath = /bin/sh;
			shellScript = "\"${PODS_ROOT}/Target Support Files/Pods-KKUIDeviceDemo/Pods-KKUIDeviceDemo-frameworks.sh\"\n";
			showEnvVarsInLog = 0;
		};
		93961A8FE6A8640504C14756D28D5D6A /* [CP] Check Pods Manifest.lock */ = {
			isa = PBXShellScriptBuildPhase;
			buildActionMask = 2147483647;
			files = (
			);
			inputFileListPaths = (
			);
			inputPaths = (
				"${PODS_PODFILE_DIR_PATH}/Podfile.lock",
				"${PODS_ROOT}/Manifest.lock",
			);
			name = "[CP] Check Pods Manifest.lock";
			outputFileListPaths = (
			);
			outputPaths = (
				"$(DERIVED_FILE_DIR)/Pods-KKUIDeviceDemo-checkManifestLockResult.txt",
			);
			runOnlyForDeploymentPostprocessing = 0;
			shellPath = /bin/sh;
			shellScript = "diff \"${PODS_PODFILE_DIR_PATH}/Podfile.lock\" \"${PODS_ROOT}/Manifest.lock\" > /dev/null\nif [ $? != 0 ] ; then\n    # print error to STDERR\n    echo \"error: The sandbox is not in sync with the Podfile.lock. Run 'pod install' or update your CocoaPods installation.\" >&2\n    exit 1\nfi\n# This output is used by Xcode 'outputs' to avoid re-running this script phase.\necho \"SUCCESS\" > \"${SCRIPT_OUTPUT_FILE_0}\"\n";
			showEnvVarsInLog = 0;
		};
/* End PBXShellScriptBuildPhase section */

/* Begin PBXSourcesBuildPhase section */
		E60DF1F87412AFFEB4DC5BC83C0B4D36 /* Sources */ = {
			isa = PBXSourcesBuildPhase;
			buildActionMask = 2147483647;
			files = (
				3419BA6D0D49D3EFB1F3AA269FF20C35 /* AppDelegate.swift in Sources */,
				0035221D04F94A29C82650367D3A536A /* ViewController.swift in Sources */,
			);
			runOnlyForDeploymentPostprocessing = 0;
		};
/* End PBXSourcesBuildPhase section */

/* Begin PBXVariantGroup section */
		4CB3149546A1FE1486D172B6B906EC8E /* LaunchScreen.storyboard */ = {
			isa = PBXVariantGroup;
			children = (
				F93ADADD1072E8183F848CDAA14E25DB /* Base */,
			);
			name = LaunchScreen.storyboard;
			sourceTree = "<group>";
		};
/* End PBXVariantGroup section */

/* Begin XCBuildConfiguration section */
		3F224A899FD3D14B3E55643193F83E94 /* Debug */ = {
			isa = XCBuildConfiguration;
			buildSettings = {
				ALWAYS_SEARCH_USER_PATHS = NO;
				CLANG_ANALYZER_NONNULL = YES;
				CLANG_ANALYZER_NUMBER_OBJECT_CONVERSION = YES_AGGRESSIVE;
				CLANG_CXX_LANGUAGE_STANDARD = "gnu++14";
				CLANG_CXX_LIBRARY = "libc++";
				CLANG_ENABLE_MODULES = YES;
				CLANG_ENABLE_OBJC_ARC = YES;
				CLANG_WARN_BLOCK_CAPTURE_AUTORELEASING = YES;
				CLANG_WARN_BOOL_CONVERSION = YES;
				CLANG_WARN_COMMA = YES;
				CLANG_WARN_CONSTANT_CONVERSION = YES;
				CLANG_WARN_DEPRECATED_OBJC_IMPLEMENTATIONS = YES;
				CLANG_WARN_DIRECT_OBJC_ISA_USAGE = YES_ERROR;
				CLANG_WARN_DOCUMENTATION_COMMENTS = YES;
				CLANG_WARN_EMPTY_BODY = YES;
				CLANG_WARN_ENUM_CONVERSION = YES;
				CLANG_WARN_INFINITE_RECURSION = YES;
				CLANG_WARN_INT_CONVERSION = YES;
				CLANG_WARN_NON_LITERAL_NULL_CONVERSION = YES;
				CLANG_WARN_OBJC_IMPLICIT_RETAIN_SELF = YES;
				CLANG_WARN_OBJC_LITERAL_CONVERSION = YES;
				CLANG_WARN_OBJC_ROOT_CLASS = YES_ERROR;
				CLANG_WARN_RANGE_LOOP_ANALYSIS = YES;
				CLANG_WARN_STRICT_PROTOTYPES = YES;
				CLANG_WARN_SUSPICIOUS_MOVE = YES;
				CLANG_WARN_UNGUARDED_AVAILABILITY = YES_AGGRESSIVE;
				CLANG_WARN_UNREACHABLE_CODE = YES;
				CLANG_WARN__DUPLICATE_METHOD_MATCH = YES;
				CODE_SIGN_IDENTITY = "iPhone Developer";
				COPY_PHASE_STRIP = NO;
				CURRENT_PROJECT_VERSION = 1;
				DEBUG_INFORMATION_FORMAT = dwarf;
				ENABLE_STRICT_OBJC_MSGSEND = YES;
				ENABLE_TESTABILITY = YES;
				GCC_C_LANGUAGE_STANDARD = gnu11;
				GCC_DYNAMIC_NO_PIC = NO;
				GCC_NO_COMMON_BLOCKS = YES;
				GCC_OPTIMIZATION_LEVEL = 0;
				GCC_PREPROCESSOR_DEFINITIONS = (
					"DEBUG=1",
					"$(inherited)",
				);
				GCC_WARN_64_TO_32_BIT_CONVERSION = YES;
				GCC_WARN_ABOUT_RETURN_TYPE = YES_ERROR;
				GCC_WARN_UNDECLARED_SELECTOR = YES;
				GCC_WARN_UNINITIALIZED_AUTOS = YES_AGGRESSIVE;
				GCC_WARN_UNUSED_FUNCTION = YES;
				GCC_WARN_UNUSED_VARIABLE = YES;
				IPHONEOS_DEPLOYMENT_TARGET = 8.0;
				MTL_ENABLE_DEBUG_INFO = YES;
				ONLY_ACTIVE_ARCH = YES;
				SDKROOT = iphoneos;
				VERSIONING_SYSTEM = "apple-generic";
				VERSION_INFO_PREFIX = "";
			};
			name = Debug;
		};
		45D519C3018BC1BC206BAC426D80F86F /* Debug */ = {
			isa = XCBuildConfiguration;
			baseConfigurationReference = C0526CB6D53128EE0ECB8FD868168F1B /* Pods-KKUIDeviceDemo.debug.xcconfig */;
			buildSettings = {
				ASSETCATALOG_COMPILER_APPICON_NAME = AppIcon;
				CLANG_ENABLE_OBJC_WEAK = YES;
				CODE_SIGN_STYLE = Automatic;
				DEVELOPMENT_TEAM = HV88ACAAR6;
				INFOPLIST_FILE = KKUIDeviceDemo/Info.plist;
				IPHONEOS_DEPLOYMENT_TARGET = 8.0;
				LD_RUNPATH_SEARCH_PATHS = "$(inherited) @executable_path/Frameworks";
				MTL_ENABLE_DEBUG_INFO = INCLUDE_SOURCE;
				MTL_FAST_MATH = YES;
				PRODUCT_BUNDLE_IDENTIFIER = com.kongkaikai.com.KKUIDeviceDemo;
				PRODUCT_NAME = "$(TARGET_NAME)";
				SWIFT_ACTIVE_COMPILATION_CONDITIONS = DEBUG;
				SWIFT_OPTIMIZATION_LEVEL = "-Onone";
				SWIFT_VERSION = 5.0;
				TARGETED_DEVICE_FAMILY = "1,2";
			};
			name = Debug;
		};
		5658B4029C05EF011A9E50CFDFDA1796 /* Release */ = {
			isa = XCBuildConfiguration;
			buildSettings = {
				ALWAYS_SEARCH_USER_PATHS = NO;
				CLANG_ANALYZER_NONNULL = YES;
				CLANG_ANALYZER_NUMBER_OBJECT_CONVERSION = YES_AGGRESSIVE;
				CLANG_CXX_LANGUAGE_STANDARD = "gnu++14";
				CLANG_CXX_LIBRARY = "libc++";
				CLANG_ENABLE_MODULES = YES;
				CLANG_ENABLE_OBJC_ARC = YES;
				CLANG_WARN_BLOCK_CAPTURE_AUTORELEASING = YES;
				CLANG_WARN_BOOL_CONVERSION = YES;
				CLANG_WARN_COMMA = YES;
				CLANG_WARN_CONSTANT_CONVERSION = YES;
				CLANG_WARN_DEPRECATED_OBJC_IMPLEMENTATIONS = YES;
				CLANG_WARN_DIRECT_OBJC_ISA_USAGE = YES_ERROR;
				CLANG_WARN_DOCUMENTATION_COMMENTS = YES;
				CLANG_WARN_EMPTY_BODY = YES;
				CLANG_WARN_ENUM_CONVERSION = YES;
				CLANG_WARN_INFINITE_RECURSION = YES;
				CLANG_WARN_INT_CONVERSION = YES;
				CLANG_WARN_NON_LITERAL_NULL_CONVERSION = YES;
				CLANG_WARN_OBJC_IMPLICIT_RETAIN_SELF = YES;
				CLANG_WARN_OBJC_LITERAL_CONVERSION = YES;
				CLANG_WARN_OBJC_ROOT_CLASS = YES_ERROR;
				CLANG_WARN_RANGE_LOOP_ANALYSIS = YES;
				CLANG_WARN_STRICT_PROTOTYPES = YES;
				CLANG_WARN_SUSPICIOUS_MOVE = YES;
				CLANG_WARN_UNGUARDED_AVAILABILITY = YES_AGGRESSIVE;
				CLANG_WARN_UNREACHABLE_CODE = YES;
				CLANG_WARN__DUPLICATE_METHOD_MATCH = YES;
				CODE_SIGN_IDENTITY = "iPhone Developer";
				COPY_PHASE_STRIP = NO;
				CURRENT_PROJECT_VERSION = 1;
				DEBUG_INFORMATION_FORMAT = "dwarf-with-dsym";
				ENABLE_NS_ASSERTIONS = NO;
				ENABLE_STRICT_OBJC_MSGSEND = YES;
				GCC_C_LANGUAGE_STANDARD = gnu11;
				GCC_NO_COMMON_BLOCKS = YES;
				GCC_WARN_64_TO_32_BIT_CONVERSION = YES;
				GCC_WARN_ABOUT_RETURN_TYPE = YES_ERROR;
				GCC_WARN_UNDECLARED_SELECTOR = YES;
				GCC_WARN_UNINITIALIZED_AUTOS = YES_AGGRESSIVE;
				GCC_WARN_UNUSED_FUNCTION = YES;
				GCC_WARN_UNUSED_VARIABLE = YES;
				IPHONEOS_DEPLOYMENT_TARGET = 8.0;
				MTL_ENABLE_DEBUG_INFO = NO;
				SDKROOT = iphoneos;
				VALIDATE_PRODUCT = YES;
				VERSIONING_SYSTEM = "apple-generic";
				VERSION_INFO_PREFIX = "";
			};
			name = Release;
		};
		6A6549949CA0042D9D563414FCF839B5 /* Release */ = {
			isa = XCBuildConfiguration;
			baseConfigurationReference = 684F17656222DC30ADA5E4451D23D168 /* Pods-KKUIDeviceDemo.release.xcconfig */;
			buildSettings = {
				ASSETCATALOG_COMPILER_APPICON_NAME = AppIcon;
				CLANG_ENABLE_OBJC_WEAK = YES;
				CODE_SIGN_STYLE = Automatic;
				DEVELOPMENT_TEAM = HV88ACAAR6;
				INFOPLIST_FILE = KKUIDeviceDemo/Info.plist;
				IPHONEOS_DEPLOYMENT_TARGET = 8.0;
				LD_RUNPATH_SEARCH_PATHS = "$(inherited) @executable_path/Frameworks";
				MTL_FAST_MATH = YES;
				PRODUCT_BUNDLE_IDENTIFIER = com.kongkaikai.com.KKUIDeviceDemo;
				PRODUCT_NAME = "$(TARGET_NAME)";
				SWIFT_OPTIMIZATION_LEVEL = "-Owholemodule";
				SWIFT_VERSION = 5.0;
				TARGETED_DEVICE_FAMILY = "1,2";
			};
			name = Release;
		};
/* End XCBuildConfiguration section */

/* Begin XCConfigurationList section */
		4C075FE8ABCB825D2720AB29B49D1E5E /* Build configuration list for PBXNativeTarget "KKUIDeviceDemo" */ = {
			isa = XCConfigurationList;
			buildConfigurations = (
				45D519C3018BC1BC206BAC426D80F86F /* Debug */,
				6A6549949CA0042D9D563414FCF839B5 /* Release */,
			);
			defaultConfigurationIsVisible = 0;
			defaultConfigurationName = Release;
		};
		DAFB9E7ED8A39D5044045ACB1B7A08E7 /* Build configuration list for PBXProject "KKUIDevice" */ = {
			isa = XCConfigurationList;
			buildConfigurations = (
				3F224A899FD3D14B3E55643193F83E94 /* Debug */,
				5658B4029C05EF011A9E50CFDFDA1796 /* Release */,
			);
			defaultConfigurationIsVisible = 0;
			defaultConfigurationName = Release;
		};
/* End XCConfigurationList section */
	};
	rootObject = D02B1367404AC81B0B0A67D051A3FE22 /* Project object */;
}
