PODS:
  - KKUIDevice/ObjectiveC (0.0.5):
    - KKUIDevice/Resources
  - KKUIDevice/Resources (0.0.5)
  - KKUIDevice/Swift (0.0.5):
    - KKUIDevice/Resources

DEPENDENCIES:
  - KKUIDevice/ObjectiveC (from `./`)
  - KKUIDevice/Swift (from `./`)

EXTERNAL SOURCES:
  KKUIDevice:
    :path: "./"

SPEC CHECKSUMS:
  KKUIDevice: dea0e41b1c9b716d149957ad40cd3cb0f2a92ecb

PODFILE CHECKSUM: bb830fea62056e6fa487b97570c13baf642bc800

COCOAPODS: 1.5.3
