PODS:
  - KKUIDevice/ObjectiveC (0.0.5):
    - KKUIDevice/Resources
  - KKUIDevice/Resources (0.0.5)
  - KKUIDevice/Swift (0.0.5):
    - KKUIDevice/Resources

DEPENDENCIES:
  - KKUIDevice/ObjectiveC (from `./`)
  - KKUIDevice/Swift (from `./`)

EXTERNAL SOURCES:
  KKUIDevice:
    :path: "./"

SPEC CHECKSUMS:
  KKUIDevice: a79fe656c5b384740f9ab085ba6c8d8abab9408e

PODFILE CHECKSUM: 2efc39a60787a34220867b94ec073709803bafcf

COCOAPODS: 1.7.5
